{
  "version": 4,
  "terraform_version": "1.7.5",
  "serial": 1,
  "lineage": "1d14c1f3-ab4e-72cc-efc1-274a5becc5c7",
  "outputs": {
    "file_path": {
      "value": "hello.txt",
      "type": "string"
    }
  },
  "resources": [
    {
      "mode": "managed",
      "type": "local_file",
      "name": "hello",
      "provider": "provider[\"registry.terraform.io/hashicorp/local\"]",
      "instances": [
        {
          "schema_version": 0,
          "attributes": {
            "content": "Hello Nitin",
            "content_base64": null,
            "content_base64sha256": "zZS3LKyN30wau4ktH2FR2Xo5QnREQRzOFRbi8SJ8BfI=",
            "content_base64sha512": "1soN2qKuAnILiWUxX1MlMjO8iEUxnmR891oaClo1iruO4LWObLmpbhJxC4cJWVhe3B1krGo4wotwTRsh1R4raA==",
            "content_md5": "ee16fd4215589f273c0e49ff95560a3d",
            "content_sha1": "6bc10d5a407a7e5196a46ebdd9ecf447fedfc8c3",
            "content_sha256": "cd94b72cac8ddf4c1abb892d1f6151d97a39427444411cce1516e2f1227c05f2",
            "content_sha512": "d6ca0ddaa2ae02720b8965315f53253233bc8845319e647cf75a1a0a5a358abb8ee0b58e6cb9a96e12710b870959585edc1d64ac6a38c28b704d1b21d51e2b68",
            "directory_permission": "0777",
            "file_permission": "0777",
            "filename": "hello.txt",
            "id": "6bc10d5a407a7e5196a46ebdd9ecf447fedfc8c3",
            "sensitive_content": null,
            "source": null
          },
          "sensitive_attributes": []
        }
      ]
    }
  ],
  "check_results": null
}
